// !$*UTF8*$!
{
	archiveVersion = 1;
	classes = {
	};
	objectVersion = 55;
	objects = {

/* Begin PBXBuildFile section */
		9119112C27B97A1800B53092 /* AppDelegate.swift in Sources */ = {isa = PBXBuildFile; fileRef = 9119112B27B97A1800B53092 /* AppDelegate.swift */; };
		9119113527B97A1C00B53092 /* Assets.xcassets in Resources */ = {isa = PBXBuildFile; fileRef = 9119113427B97A1C00B53092 /* Assets.xcassets */; };
		9119113827B97A1C00B53092 /* LaunchScreen.storyboard in Resources */ = {isa = PBXBuildFile; fileRef = 9119113627B97A1C00B53092 /* LaunchScreen.storyboard */; };
		9119114627B97D4800B53092 /* MapMarkingViewContainer.swift in Sources */ = {isa = PBXBuildFile; fileRef = 9119114427B97D4800B53092 /* MapMarkingViewContainer.swift */; };
		9119114727B97D4800B53092 /* MapMarkingViewContainer.xib in Resources */ = {isa = PBXBuildFile; fileRef = 9119114527B97D4800B53092 /* MapMarkingViewContainer.xib */; };
		CEA77FED2C554253C04C7B0E /* Pods_Taxi.framework in Frameworks */ = {isa = PBXBuildFile; fileRef = 618874C62386395D8B0D4AA2 /* Pods_Taxi.framework */; };
/* End PBXBuildFile section */

/* Begin PBXFileReference section */
		618874C62386395D8B0D4AA2 /* Pods_Taxi.framework */ = {isa = PBXFileReference; explicitFileType = wrapper.framework; includeInIndex = 0; path = Pods_Taxi.framework; sourceTree = BUILT_PRODUCTS_DIR; };
		9119112827B97A1800B53092 /* Taxi.app */ = {isa = PBXFileReference; explicitFileType = wrapper.application; includeInIndex = 0; path = Taxi.app; sourceTree = BUILT_PRODUCTS_DIR; };
		9119112B27B97A1800B53092 /* AppDelegate.swift */ = {isa = PBXFileReference; lastKnownFileType = sourcecode.swift; path = AppDelegate.swift; sourceTree = "<group>"; };
		9119113427B97A1C00B53092 /* Assets.xcassets */ = {isa = PBXFileReference; lastKnownFileType = folder.assetcatalog; path = Assets.xcassets; sourceTree = "<group>"; };
		9119113727B97A1C00B53092 /* Base */ = {isa = PBXFileReference; lastKnownFileType = file.storyboard; name = Base; path = Base.lproj/LaunchScreen.storyboard; sourceTree = "<group>"; };
		9119113927B97A1C00B53092 /* Info.plist */ = {isa = PBXFileReference; lastKnownFileType = text.plist.xml; path = Info.plist; sourceTree = "<group>"; };
		9119114427B97D4800B53092 /* MapMarkingViewContainer.swift */ = {isa = PBXFileReference; lastKnownFileType = sourcecode.swift; path = MapMarkingViewContainer.swift; sourceTree = "<group>"; };
		9119114527B97D4800B53092 /* MapMarkingViewContainer.xib */ = {isa = PBXFileReference; lastKnownFileType = file.xib; path = MapMarkingViewContainer.xib; sourceTree = "<group>"; };
		B1FCAD21EAF8C7AE0A0267BE /* Pods-Taxi.debug.xcconfig */ = {isa = PBXFileReference; includeInIndex = 1; lastKnownFileType = text.xcconfig; name = "Pods-Taxi.debug.xcconfig"; path = "Target Support Files/Pods-Taxi/Pods-Taxi.debug.xcconfig"; sourceTree = "<group>"; };
		E8B80E4355EB1FD5F6FC7F43 /* Pods-Taxi.release.xcconfig */ = {isa = PBXFileReference; includeInIndex = 1; lastKnownFileType = text.xcconfig; name = "Pods-Taxi.release.xcconfig"; path = "Target Support Files/Pods-Taxi/Pods-Taxi.release.xcconfig"; sourceTree = "<group>"; };
/* End PBXFileReference section */

/* Begin PBXFrameworksBuildPhase section */
		9119112527B97A1800B53092 /* Frameworks */ = {
			isa = PBXFrameworksBuildPhase;
			buildActionMask = 2147483647;
			files = (
				CEA77FED2C554253C04C7B0E /* Pods_Taxi.framework in Frameworks */,
			);
			runOnlyForDeploymentPostprocessing = 0;
		};
/* End PBXFrameworksBuildPhase section */

/* Begin PBXGroup section */
		1B617F1C472A3C7E762DE2F7 /* Frameworks */ = {
			isa = PBXGroup;
			children = (
				618874C62386395D8B0D4AA2 /* Pods_Taxi.framework */,
			);
			name = Frameworks;
			sourceTree = "<group>";
		};
		723A6EB6DA8AFB6150AA23D9 /* Pods */ = {
			isa = PBXGroup;
			children = (
				B1FCAD21EAF8C7AE0A0267BE /* Pods-Taxi.debug.xcconfig */,
				E8B80E4355EB1FD5F6FC7F43 /* Pods-Taxi.release.xcconfig */,
			);
			path = Pods;
			sourceTree = "<group>";
		};
		9119111F27B97A1700B53092 = {
			isa = PBXGroup;
			children = (
				9119112A27B97A1800B53092 /* Taxi */,
				9119112927B97A1800B53092 /* Products */,
				723A6EB6DA8AFB6150AA23D9 /* Pods */,
				1B617F1C472A3C7E762DE2F7 /* Frameworks */,
			);
			sourceTree = "<group>";
		};
		9119112927B97A1800B53092 /* Products */ = {
			isa = PBXGroup;
			children = (
				9119112827B97A1800B53092 /* Taxi.app */,
			);
			name = Products;
			sourceTree = "<group>";
		};
		9119112A27B97A1800B53092 /* Taxi */ = {
			isa = PBXGroup;
			children = (
				9119113F27B97A2A00B53092 /* Taxi */,
				9119114227B97A7000B53092 /* Scenes */,
				9119113927B97A1C00B53092 /* Info.plist */,
			);
			path = Taxi;
			sourceTree = "<group>";
		};
		9119113F27B97A2A00B53092 /* Taxi */ = {
			isa = PBXGroup;
			children = (
				9119114027B97A3100B53092 /* Core */,
				9119114127B97A3F00B53092 /* Resources */,
			);
			path = Taxi;
			sourceTree = "<group>";
		};
		9119114027B97A3100B53092 /* Core */ = {
			isa = PBXGroup;
			children = (
				9119112B27B97A1800B53092 /* AppDelegate.swift */,
			);
			path = Core;
			sourceTree = "<group>";
		};
		9119114127B97A3F00B53092 /* Resources */ = {
			isa = PBXGroup;
			children = (
				9119113627B97A1C00B53092 /* LaunchScreen.storyboard */,
				9119113427B97A1C00B53092 /* Assets.xcassets */,
			);
			path = Resources;
			sourceTree = "<group>";
		};
		9119114227B97A7000B53092 /* Scenes */ = {
			isa = PBXGroup;
			children = (
				9119114327B97D1600B53092 /* MapMarking */,
			);
			path = Scenes;
			sourceTree = "<group>";
		};
		9119114327B97D1600B53092 /* MapMarking */ = {
			isa = PBXGroup;
			children = (
				9119114427B97D4800B53092 /* MapMarkingViewContainer.swift */,
				9119114527B97D4800B53092 /* MapMarkingViewContainer.xib */,
			);
			path = MapMarking;
			sourceTree = "<group>";
		};
/* End PBXGroup section */

/* Begin PBXNativeTarget section */
		9119112727B97A1800B53092 /* Taxi */ = {
			isa = PBXNativeTarget;
			buildConfigurationList = 9119113C27B97A1C00B53092 /* Build configuration list for PBXNativeTarget "Taxi" */;
			buildPhases = (
				57556C1C82798CDF9CEF9ACC /* [CP] Check Pods Manifest.lock */,
				9119112427B97A1800B53092 /* Sources */,
				9119112527B97A1800B53092 /* Frameworks */,
				9119112627B97A1800B53092 /* Resources */,
			);
			buildRules = (
			);
			dependencies = (
			);
			name = Taxi;
			productName = Taxi;
			productReference = 9119112827B97A1800B53092 /* Taxi.app */;
			productType = "com.apple.product-type.application";
		};
/* End PBXNativeTarget section */

/* Begin PBXProject section */
		9119112027B97A1700B53092 /* Project object */ = {
			isa = PBXProject;
			attributes = {
				BuildIndependentTargetsInParallel = 1;
				LastSwiftUpdateCheck = 1320;
				LastUpgradeCheck = 1320;
				TargetAttributes = {
					9119112727B97A1800B53092 = {
						CreatedOnToolsVersion = 13.2.1;
					};
				};
			};
			buildConfigurationList = 9119112327B97A1700B53092 /* Build configuration list for PBXProject "Taxi" */;
			compatibilityVersion = "Xcode 13.0";
			developmentRegion = en;
			hasScannedForEncodings = 0;
			knownRegions = (
				en,
				Base,
			);
			mainGroup = 9119111F27B97A1700B53092;
			productRefGroup = 9119112927B97A1800B53092 /* Products */;
			projectDirPath = "";
			projectRoot = "";
			targets = (
				9119112727B97A1800B53092 /* Taxi */,
			);
		};
/* End PBXProject section */

/* Begin PBXResourcesBuildPhase section */
		9119112627B97A1800B53092 /* Resources */ = {
			isa = PBXResourcesBuildPhase;
			buildActionMask = 2147483647;
			files = (
				9119113827B97A1C00B53092 /* LaunchScreen.storyboard in Resources */,
				9119113527B97A1C00B53092 /* Assets.xcassets in Resources */,
				9119114727B97D4800B53092 /* MapMarkingViewContainer.xib in Resources */,
			);
			runOnlyForDeploymentPostprocessing = 0;
		};
/* End PBXResourcesBuildPhase section */

/* Begin PBXShellScriptBuildPhase section */
		57556C1C82798CDF9CEF9ACC /* [CP] Check Pods Manifest.lock */ = {
			isa = PBXShellScriptBuildPhase;
			buildActionMask = 2147483647;
			files = (
			);
			inputFileListPaths = (
			);
			inputPaths = (
				"${PODS_PODFILE_DIR_PATH}/Podfile.lock",
				"${PODS_ROOT}/Manifest.lock",
			);
			name = "[CP] Check Pods Manifest.lock";
			outputFileListPaths = (
			);
			outputPaths = (
				"$(DERIVED_FILE_DIR)/Pods-Taxi-checkManifestLockResult.txt",
			);
			runOnlyForDeploymentPostprocessing = 0;
			shellPath = /bin/sh;
			shellScript = "diff \"${PODS_PODFILE_DIR_PATH}/Podfile.lock\" \"${PODS_ROOT}/Manifest.lock\" > /dev/null\nif [ $? != 0 ] ; then\n    # print error to STDERR\n    echo \"error: The sandbox is not in sync with the Podfile.lock. Run 'pod install' or update your CocoaPods installation.\" >&2\n    exit 1\nfi\n# This output is used by Xcode 'outputs' to avoid re-running this script phase.\necho \"SUCCESS\" > \"${SCRIPT_OUTPUT_FILE_0}\"\n";
			showEnvVarsInLog = 0;
		};
/* End PBXShellScriptBuildPhase section */

/* Begin PBXSourcesBuildPhase section */
		9119112427B97A1800B53092 /* Sources */ = {
			isa = PBXSourcesBuildPhase;
			buildActionMask = 2147483647;
			files = (
				9119112C27B97A1800B53092 /* AppDelegate.swift in Sources */,
				9119114627B97D4800B53092 /* MapMarkingViewContainer.swift in Sources */,
			);
			runOnlyForDeploymentPostprocessing = 0;
		};
/* End PBXSourcesBuildPhase section */

/* Begin PBXVariantGroup section */
		9119113627B97A1C00B53092 /* LaunchScreen.storyboard */ = {
			isa = PBXVariantGroup;
			children = (
				9119113727B97A1C00B53092 /* Base */,
			);
			name = LaunchScreen.storyboard;
			sourceTree = "<group>";
		};
/* End PBXVariantGroup section */

/* Begin XCBuildConfiguration section */
		9119113A27B97A1C00B53092 /* Debug */ = {
			isa = XCBuildConfiguration;
			buildSettings = {
				ALWAYS_SEARCH_USER_PATHS = NO;
				CLANG_ANALYZER_NONNULL = YES;
				CLANG_ANALYZER_NUMBER_OBJECT_CONVERSION = YES_AGGRESSIVE;
				CLANG_CXX_LANGUAGE_STANDARD = "gnu++17";
				CLANG_CXX_LIBRARY = "libc++";
				CLANG_ENABLE_MODULES = YES;
				CLANG_ENABLE_OBJC_ARC = YES;
				CLANG_ENABLE_OBJC_WEAK = YES;
				CLANG_WARN_BLOCK_CAPTURE_AUTORELEASING = YES;
				CLANG_WARN_BOOL_CONVERSION = YES;
				CLANG_WARN_COMMA = YES;
				CLANG_WARN_CONSTANT_CONVERSION = YES;
				CLANG_WARN_DEPRECATED_OBJC_IMPLEMENTATIONS = YES;
				CLANG_WARN_DIRECT_OBJC_ISA_USAGE = YES_ERROR;
				CLANG_WARN_DOCUMENTATION_COMMENTS = YES;
				CLANG_WARN_EMPTY_BODY = YES;
				CLANG_WARN_ENUM_CONVERSION = YES;
				CLANG_WARN_INFINITE_RECURSION = YES;
				CLANG_WARN_INT_CONVERSION = YES;
				CLANG_WARN_NON_LITERAL_NULL_CONVERSION = YES;
				CLANG_WARN_OBJC_IMPLICIT_RETAIN_SELF = YES;
				CLANG_WARN_OBJC_LITERAL_CONVERSION = YES;
				CLANG_WARN_OBJC_ROOT_CLASS = YES_ERROR;
				CLANG_WARN_QUOTED_INCLUDE_IN_FRAMEWORK_HEADER = YES;
				CLANG_WARN_RANGE_LOOP_ANALYSIS = YES;
				CLANG_WARN_STRICT_PROTOTYPES = YES;
				CLANG_WARN_SUSPICIOUS_MOVE = YES;
				CLANG_WARN_UNGUARDED_AVAILABILITY = YES_AGGRESSIVE;
				CLANG_WARN_UNREACHABLE_CODE = YES;
				CLANG_WARN__DUPLICATE_METHOD_MATCH = YES;
				COPY_PHASE_STRIP = NO;
				DEBUG_INFORMATION_FORMAT = dwarf;
				ENABLE_STRICT_OBJC_MSGSEND = YES;
				ENABLE_TESTABILITY = YES;
				GCC_C_LANGUAGE_STANDARD = gnu11;
				GCC_DYNAMIC_NO_PIC = NO;
				GCC_NO_COMMON_BLOCKS = YES;
				GCC_OPTIMIZATION_LEVEL = 0;
				GCC_PREPROCESSOR_DEFINITIONS = (
					"DEBUG=1",
					"$(inherited)",
				);
				GCC_WARN_64_TO_32_BIT_CONVERSION = YES;
				GCC_WARN_ABOUT_RETURN_TYPE = YES_ERROR;
				GCC_WARN_UNDECLARED_SELECTOR = YES;
				GCC_WARN_UNINITIALIZED_AUTOS = YES_AGGRESSIVE;
				GCC_WARN_UNUSED_FUNCTION = YES;
				GCC_WARN_UNUSED_VARIABLE = YES;
				IPHONEOS_DEPLOYMENT_TARGET = 15.2;
				MTL_ENABLE_DEBUG_INFO = INCLUDE_SOURCE;
				MTL_FAST_MATH = YES;
				ONLY_ACTIVE_ARCH = YES;
				SDKROOT = iphoneos;
				SWIFT_ACTIVE_COMPILATION_CONDITIONS = DEBUG;
				SWIFT_OPTIMIZATION_LEVEL = "-Onone";
			};
			name = Debug;
		};
		9119113B27B97A1C00B53092 /* Release */ = {
			isa = XCBuildConfiguration;
			buildSettings = {
				ALWAYS_SEARCH_USER_PATHS = NO;
				CLANG_ANALYZER_NONNULL = YES;
				CLANG_ANALYZER_NUMBER_OBJECT_CONVERSION = YES_AGGRESSIVE;
				CLANG_CXX_LANGUAGE_STANDARD = "gnu++17";
				CLANG_CXX_LIBRARY = "libc++";
				CLANG_ENABLE_MODULES = YES;
				CLANG_ENABLE_OBJC_ARC = YES;
				CLANG_ENABLE_OBJC_WEAK = YES;
				CLANG_WARN_BLOCK_CAPTURE_AUTORELEASING = YES;
				CLANG_WARN_BOOL_CONVERSION = YES;
				CLANG_WARN_COMMA = YES;
				CLANG_WARN_CONSTANT_CONVERSION = YES;
				CLANG_WARN_DEPRECATED_OBJC_IMPLEMENTATIONS = YES;
				CLANG_WARN_DIRECT_OBJC_ISA_USAGE = YES_ERROR;
				CLANG_WARN_DOCUMENTATION_COMMENTS = YES;
				CLANG_WARN_EMPTY_BODY = YES;
				CLANG_WARN_ENUM_CONVERSION = YES;
				CLANG_WARN_INFINITE_RECURSION = YES;
				CLANG_WARN_INT_CONVERSION = YES;
				CLANG_WARN_NON_LITERAL_NULL_CONVERSION = YES;
				CLANG_WARN_OBJC_IMPLICIT_RETAIN_SELF = YES;
				CLANG_WARN_OBJC_LITERAL_CONVERSION = YES;
				CLANG_WARN_OBJC_ROOT_CLASS = YES_ERROR;
				CLANG_WARN_QUOTED_INCLUDE_IN_FRAMEWORK_HEADER = YES;
				CLANG_WARN_RANGE_LOOP_ANALYSIS = YES;
				CLANG_WARN_STRICT_PROTOTYPES = YES;
				CLANG_WARN_SUSPICIOUS_MOVE = YES;
				CLANG_WARN_UNGUARDED_AVAILABILITY = YES_AGGRESSIVE;
				CLANG_WARN_UNREACHABLE_CODE = YES;
				CLANG_WARN__DUPLICATE_METHOD_MATCH = YES;
				COPY_PHASE_STRIP = NO;
				DEBUG_INFORMATION_FORMAT = "dwarf-with-dsym";
				ENABLE_NS_ASSERTIONS = NO;
				ENABLE_STRICT_OBJC_MSGSEND = YES;
				GCC_C_LANGUAGE_STANDARD = gnu11;
				GCC_NO_COMMON_BLOCKS = YES;
				GCC_WARN_64_TO_32_BIT_CONVERSION = YES;
				GCC_WARN_ABOUT_RETURN_TYPE = YES_ERROR;
				GCC_WARN_UNDECLARED_SELECTOR = YES;
				GCC_WARN_UNINITIALIZED_AUTOS = YES_AGGRESSIVE;
				GCC_WARN_UNUSED_FUNCTION = YES;
				GCC_WARN_UNUSED_VARIABLE = YES;
				IPHONEOS_DEPLOYMENT_TARGET = 15.2;
				MTL_ENABLE_DEBUG_INFO = NO;
				MTL_FAST_MATH = YES;
				SDKROOT = iphoneos;
				SWIFT_COMPILATION_MODE = wholemodule;
				SWIFT_OPTIMIZATION_LEVEL = "-O";
				VALIDATE_PRODUCT = YES;
			};
			name = Release;
		};
		9119113D27B97A1C00B53092 /* Debug */ = {
			isa = XCBuildConfiguration;
			baseConfigurationReference = B1FCAD21EAF8C7AE0A0267BE /* Pods-Taxi.debug.xcconfig */;
			buildSettings = {
				ASSETCATALOG_COMPILER_APPICON_NAME = AppIcon;
				ASSETCATALOG_COMPILER_GLOBAL_ACCENT_COLOR_NAME = AccentColor;
				CODE_SIGN_STYLE = Automatic;
				CURRENT_PROJECT_VERSION = 1;
				DEVELOPMENT_TEAM = D4H24PLLCD;
				GENERATE_INFOPLIST_FILE = YES;
				INFOPLIST_FILE = Taxi/Info.plist;
				INFOPLIST_KEY_UIApplicationSupportsIndirectInputEvents = YES;
				INFOPLIST_KEY_UILaunchStoryboardName = LaunchScreen;
				INFOPLIST_KEY_UIMainStoryboardFile = LaunchScreen;
				INFOPLIST_KEY_UISupportedInterfaceOrientations_iPad = "UIInterfaceOrientationPortrait UIInterfaceOrientationPortraitUpsideDown UIInterfaceOrientationLandscapeLeft UIInterfaceOrientationLandscapeRight";
				INFOPLIST_KEY_UISupportedInterfaceOrientations_iPhone = "UIInterfaceOrientationPortrait UIInterfaceOrientationLandscapeLeft UIInterfaceOrientationLandscapeRight";
				LD_RUNPATH_SEARCH_PATHS = (
					"$(inherited)",
					"@executable_path/Frameworks",
				);
				MARKETING_VERSION = 1.0;
				PRODUCT_BUNDLE_IDENTIFIER = Magma.Taxi;
				PRODUCT_NAME = "$(TARGET_NAME)";
				SWIFT_EMIT_LOC_STRINGS = YES;
				SWIFT_VERSION = 5.0;
				TARGETED_DEVICE_FAMILY = "1,2";
			};
			name = Debug;
		};
		9119113E27B97A1C00B53092 /* Release */ = {
			isa = XCBuildConfiguration;
			baseConfigurationReference = E8B80E4355EB1FD5F6FC7F43 /* Pods-Taxi.release.xcconfig */;
			buildSettings = {
				ASSETCATALOG_COMPILER_APPICON_NAME = AppIcon;
				ASSETCATALOG_COMPILER_GLOBAL_ACCENT_COLOR_NAME = AccentColor;
				CODE_SIGN_STYLE = Automatic;
				CURRENT_PROJECT_VERSION = 1;
				DEVELOPMENT_TEAM = D4H24PLLCD;
				GENERATE_INFOPLIST_FILE = YES;
				INFOPLIST_FILE = Taxi/Info.plist;
				INFOPLIST_KEY_UIApplicationSupportsIndirectInputEvents = YES;
				INFOPLIST_KEY_UILaunchStoryboardName = LaunchScreen;
				INFOPLIST_KEY_UIMainStoryboardFile = LaunchScreen;
				INFOPLIST_KEY_UISupportedInterfaceOrientations_iPad = "UIInterfaceOrientationPortrait UIInterfaceOrientationPortraitUpsideDown UIInterfaceOrientationLandscapeLeft UIInterfaceOrientationLandscapeRight";
				INFOPLIST_KEY_UISupportedInterfaceOrientations_iPhone = "UIInterfaceOrientationPortrait UIInterfaceOrientationLandscapeLeft UIInterfaceOrientationLandscapeRight";
				LD_RUNPATH_SEARCH_PATHS = (
					"$(inherited)",
					"@executable_path/Frameworks",
				);
				MARKETING_VERSION = 1.0;
				PRODUCT_BUNDLE_IDENTIFIER = Magma.Taxi;
				PRODUCT_NAME = "$(TARGET_NAME)";
				SWIFT_EMIT_LOC_STRINGS = YES;
				SWIFT_VERSION = 5.0;
				TARGETED_DEVICE_FAMILY = "1,2";
			};
			name = Release;
		};
/* End XCBuildConfiguration section */

/* Begin XCConfigurationList section */
		9119112327B97A1700B53092 /* Build configuration list for PBXProject "Taxi" */ = {
			isa = XCConfigurationList;
			buildConfigurations = (
				9119113A27B97A1C00B53092 /* Debug */,
				9119113B27B97A1C00B53092 /* Release */,
			);
			defaultConfigurationIsVisible = 0;
			defaultConfigurationName = Release;
		};
		9119113C27B97A1C00B53092 /* Build configuration list for PBXNativeTarget "Taxi" */ = {
			isa = XCConfigurationList;
			buildConfigurations = (
				9119113D27B97A1C00B53092 /* Debug */,
				9119113E27B97A1C00B53092 /* Release */,
			);
			defaultConfigurationIsVisible = 0;
			defaultConfigurationName = Release;
		};
/* End XCConfigurationList section */
	};
	rootObject = 9119112027B97A1700B53092 /* Project object */;
}
